
Microsoft Visual Studio Solution File, Format Version 12.00
# Visual Studio 15
VisualStudioVersion = 15.0.28010.2048
MinimumVisualStudioVersion = 10.0.40219.1
Project("{FAE04EC0-301F-11D3-BF4B-00C04F79EFBC}") = "SampleCode", "SampleCode.csproj", "{F1AAA375-E18C-468A-86AC-D310F3C16282}"
EndProject
Global
	GlobalSection(SolutionConfigurationPlatforms) = preSolution
		Debug|Any CPU = Debug|Any CPU
		Release|Any CPU = Release|Any CPU
	EndGlobalSection
	GlobalSection(ProjectConfigurationPlatforms) = postSolution
		{F1AAA375-E18C-468A-86AC-D310F3C16282}.Debug|Any CPU.ActiveCfg = Debug|Any CPU
		{F1AAA375-E18C-468A-86AC-D310F3C16282}.Debug|Any CPU.Build.0 = Debug|Any CPU
		{F1AAA375-E18C-468A-86AC-D310F3C16282}.Release|Any CPU.ActiveCfg = Release|Any CPU
		{F1AAA375-E18C-468A-86AC-D310F3C16282}.Release|Any CPU.Build.0 = Release|Any CPU
	EndGlobalSection
	GlobalSection(SolutionProperties) = preSolution
		HideSolutionNode = FALSE
	EndGlobalSection
	GlobalSection(ExtensibilityGlobals) = postSolution
		SolutionGuid = {273E6083-F874-4469-8AC2-1F6F825A5857}
	EndGlobalSection
EndGlobal
